
Microsoft Visual Studio Solution File, Format Version 12.00
# Visual Studio 15
VisualStudioVersion = 15.0.26430.15
MinimumVisualStudioVersion = 10.0.40219.1
Project("{FAE04EC0-301F-11D3-BF4B-00C04F79EFBC}") = "Registrar", "Registrar\Registrar.csproj", "{DDD754A8-4FE0-4964-BE95-E972813FA7B0}"
EndProject
Project("{FAE04EC0-301F-11D3-BF4B-00C04F79EFBC}") = "Protocol", "Protocol\Protocol.csproj", "{724DFC8C-4B57-4C3F-811C-0463BE2A2829}"
EndProject
Project("{FAE04EC0-301F-11D3-BF4B-00C04F79EFBC}") = "PericlesNode", "PericlesNode\PericlesNode.csproj", "{FD07D3F0-B252-4962-AC1F-5587301961AB}"
EndProject
Project("{FAE04EC0-301F-11D3-BF4B-00C04F79EFBC}") = "CryptoUtils", "CryptoUtils\CryptoUtils.csproj", "{E115A2FA-466A-457D-A05F-3A01F211BFC1}"
EndProject
Project("{FAE04EC0-301F-11D3-BF4B-00C04F79EFBC}") = "VoterDatabase", "VoterDatabase\VoterDatabase.csproj", "{7BADE1AA-798E-4CF8-AFFD-DF17DA525F87}"
EndProject
Project("{FAE04EC0-301F-11D3-BF4B-00C04F79EFBC}") = "VoterRegistrationDriver", "VoterRegistrationDriver\VoterRegistrationDriver.csproj", "{042603E5-2A07-4384-94C9-99AE0BC45BF3}"
EndProject
Project("{FAE04EC0-301F-11D3-BF4B-00C04F79EFBC}") = "ElectionModels", "ElectionModels\ElectionModels.csproj", "{6AD2B7B2-66C8-47B1-BC2C-8C613354F089}"
EndProject
Project("{FAE04EC0-301F-11D3-BF4B-00C04F79EFBC}") = "ElectionModelTester", "ElectionModelTester\ElectionModelTester.csproj", "{9AE2295E-1F08-4722-89D2-CA819CC76BCD}"
EndProject
Global
	GlobalSection(SolutionConfigurationPlatforms) = preSolution
		Debug|Any CPU = Debug|Any CPU
		Release|Any CPU = Release|Any CPU
	EndGlobalSection
	GlobalSection(ProjectConfigurationPlatforms) = postSolution
		{DDD754A8-4FE0-4964-BE95-E972813FA7B0}.Debug|Any CPU.ActiveCfg = Debug|Any CPU
		{DDD754A8-4FE0-4964-BE95-E972813FA7B0}.Debug|Any CPU.Build.0 = Debug|Any CPU
		{DDD754A8-4FE0-4964-BE95-E972813FA7B0}.Release|Any CPU.ActiveCfg = Release|Any CPU
		{DDD754A8-4FE0-4964-BE95-E972813FA7B0}.Release|Any CPU.Build.0 = Release|Any CPU
		{724DFC8C-4B57-4C3F-811C-0463BE2A2829}.Debug|Any CPU.ActiveCfg = Debug|Any CPU
		{724DFC8C-4B57-4C3F-811C-0463BE2A2829}.Debug|Any CPU.Build.0 = Debug|Any CPU
		{724DFC8C-4B57-4C3F-811C-0463BE2A2829}.Release|Any CPU.ActiveCfg = Release|Any CPU
		{724DFC8C-4B57-4C3F-811C-0463BE2A2829}.Release|Any CPU.Build.0 = Release|Any CPU
		{FD07D3F0-B252-4962-AC1F-5587301961AB}.Debug|Any CPU.ActiveCfg = Debug|Any CPU
		{FD07D3F0-B252-4962-AC1F-5587301961AB}.Debug|Any CPU.Build.0 = Debug|Any CPU
		{FD07D3F0-B252-4962-AC1F-5587301961AB}.Release|Any CPU.ActiveCfg = Release|Any CPU
		{FD07D3F0-B252-4962-AC1F-5587301961AB}.Release|Any CPU.Build.0 = Release|Any CPU
		{E115A2FA-466A-457D-A05F-3A01F211BFC1}.Debug|Any CPU.ActiveCfg = Debug|Any CPU
		{E115A2FA-466A-457D-A05F-3A01F211BFC1}.Debug|Any CPU.Build.0 = Debug|Any CPU
		{E115A2FA-466A-457D-A05F-3A01F211BFC1}.Release|Any CPU.ActiveCfg = Release|Any CPU
		{E115A2FA-466A-457D-A05F-3A01F211BFC1}.Release|Any CPU.Build.0 = Release|Any CPU
		{7BADE1AA-798E-4CF8-AFFD-DF17DA525F87}.Debug|Any CPU.ActiveCfg = Debug|Any CPU
		{7BADE1AA-798E-4CF8-AFFD-DF17DA525F87}.Debug|Any CPU.Build.0 = Debug|Any CPU
		{7BADE1AA-798E-4CF8-AFFD-DF17DA525F87}.Release|Any CPU.ActiveCfg = Release|Any CPU
		{7BADE1AA-798E-4CF8-AFFD-DF17DA525F87}.Release|Any CPU.Build.0 = Release|Any CPU
		{042603E5-2A07-4384-94C9-99AE0BC45BF3}.Debug|Any CPU.ActiveCfg = Debug|Any CPU
		{042603E5-2A07-4384-94C9-99AE0BC45BF3}.Debug|Any CPU.Build.0 = Debug|Any CPU
		{042603E5-2A07-4384-94C9-99AE0BC45BF3}.Release|Any CPU.ActiveCfg = Release|Any CPU
		{042603E5-2A07-4384-94C9-99AE0BC45BF3}.Release|Any CPU.Build.0 = Release|Any CPU
		{6AD2B7B2-66C8-47B1-BC2C-8C613354F089}.Debug|Any CPU.ActiveCfg = Debug|Any CPU
		{6AD2B7B2-66C8-47B1-BC2C-8C613354F089}.Debug|Any CPU.Build.0 = Debug|Any CPU
		{6AD2B7B2-66C8-47B1-BC2C-8C613354F089}.Release|Any CPU.ActiveCfg = Release|Any CPU
		{6AD2B7B2-66C8-47B1-BC2C-8C613354F089}.Release|Any CPU.Build.0 = Release|Any CPU
		{9AE2295E-1F08-4722-89D2-CA819CC76BCD}.Debug|Any CPU.ActiveCfg = Debug|Any CPU
		{9AE2295E-1F08-4722-89D2-CA819CC76BCD}.Debug|Any CPU.Build.0 = Debug|Any CPU
		{9AE2295E-1F08-4722-89D2-CA819CC76BCD}.Release|Any CPU.ActiveCfg = Release|Any CPU
		{9AE2295E-1F08-4722-89D2-CA819CC76BCD}.Release|Any CPU.Build.0 = Release|Any CPU
	EndGlobalSection
	GlobalSection(SolutionProperties) = preSolution
		HideSolutionNode = FALSE
	EndGlobalSection
EndGlobal
