
Microsoft Visual Studio Solution File, Format Version 12.00
# Visual Studio 15
VisualStudioVersion = 15.0.26430.15
MinimumVisualStudioVersion = 10.0.40219.1
Project("{FAE04EC0-301F-11D3-BF4B-00C04F79EFBC}") = "Registrar", "Registrar\Registrar.csproj", "{DDD754A8-4FE0-4964-BE95-E972813FA7B0}"
EndProject
Project("{FAE04EC0-301F-11D3-BF4B-00C04F79EFBC}") = "Protocol", "Protocol\Protocol.csproj", "{724DFC8C-4B57-4C3F-811C-0463BE2A2829}"
EndProject
Project("{FAE04EC0-301F-11D3-BF4B-00C04F79EFBC}") = "PericlesNode", "PericlesNode\PericlesNode.csproj", "{FD07D3F0-B252-4962-AC1F-5587301961AB}"
EndProject
Global
	GlobalSection(SolutionConfigurationPlatforms) = preSolution
		Debug|Any CPU = Debug|Any CPU
		Release|Any CPU = Release|Any CPU
	EndGlobalSection
	GlobalSection(ProjectConfigurationPlatforms) = postSolution
		{DDD754A8-4FE0-4964-BE95-E972813FA7B0}.Debug|Any CPU.ActiveCfg = Debug|Any CPU
		{DDD754A8-4FE0-4964-BE95-E972813FA7B0}.Debug|Any CPU.Build.0 = Debug|Any CPU
		{DDD754A8-4FE0-4964-BE95-E972813FA7B0}.Release|Any CPU.ActiveCfg = Release|Any CPU
		{DDD754A8-4FE0-4964-BE95-E972813FA7B0}.Release|Any CPU.Build.0 = Release|Any CPU
		{724DFC8C-4B57-4C3F-811C-0463BE2A2829}.Debug|Any CPU.ActiveCfg = Debug|Any CPU
		{724DFC8C-4B57-4C3F-811C-0463BE2A2829}.Debug|Any CPU.Build.0 = Debug|Any CPU
		{724DFC8C-4B57-4C3F-811C-0463BE2A2829}.Release|Any CPU.ActiveCfg = Release|Any CPU
		{724DFC8C-4B57-4C3F-811C-0463BE2A2829}.Release|Any CPU.Build.0 = Release|Any CPU
		{FD07D3F0-B252-4962-AC1F-5587301961AB}.Debug|Any CPU.ActiveCfg = Debug|Any CPU
		{FD07D3F0-B252-4962-AC1F-5587301961AB}.Debug|Any CPU.Build.0 = Debug|Any CPU
		{FD07D3F0-B252-4962-AC1F-5587301961AB}.Release|Any CPU.ActiveCfg = Release|Any CPU
		{FD07D3F0-B252-4962-AC1F-5587301961AB}.Release|Any CPU.Build.0 = Release|Any CPU
	EndGlobalSection
	GlobalSection(SolutionProperties) = preSolution
		HideSolutionNode = FALSE
	EndGlobalSection
EndGlobal
